lockfileVersion: 5.4

specifiers:
  '@floating-ui/dom': ^1.2.5
  '@js-temporal/polyfill': ^0.4.3
  '@types/dompurify': ^3.0.0
  '@types/lodash-es': ^4.17.7
  bootstrap: 5.3.0-alpha2
  bootstrap-icons: ^1.10.3
  bootstrap-sass-variables: github:mwszekely/bootstrap-sass-variables
  clsx: ^1.2.1
  dompurify: ^3.0.1
  lodash-es: ^4.17.21
  preact: ^10.13.1
  preact-aria-widgets: github:mwszekely/preact-aria-widgets
  preact-prop-helpers: github:mwszekely/preact-prop-helpers
  preact-transition: github:mwszekely/preact-transition
  sass: ^1.59.2
  typescript: ^5.0.2

dependencies:
  '@floating-ui/dom': 1.2.5
  '@js-temporal/polyfill': 0.4.3
  bootstrap: 5.3.0-alpha2_@popperjs+core@2.11.7
  bootstrap-icons: 1.10.3
  bootstrap-sass-variables: github.com/mwszekely/bootstrap-sass-variables/8f1f6876f6953984e280b7e5941d576967fffda9_bootstrap@5.3.0-alpha2
  clsx: 1.2.1
  dompurify: 3.0.1
  lodash-es: 4.17.21
  preact: 10.13.2
  preact-aria-widgets: github.com/mwszekely/preact-aria-widgets/183cb15723819a746f546c6ce2a9733690330578_preact@10.13.2
  preact-prop-helpers: github.com/mwszekely/preact-prop-helpers/eb47dca683c6f1b8363dafe92716432385dca531_preact@10.13.2
  preact-transition: github.com/mwszekely/preact-transition/29d5f9e112b62e5638ab0e6a5993d540c20a1a8c_preact@10.13.2

devDependencies:
  '@types/dompurify': 3.0.0
  '@types/lodash-es': 4.17.7
  sass: 1.60.0
  typescript: 5.0.2

packages:

  /@floating-ui/core/1.2.5:
    resolution: {integrity: sha512-qrcbyfnRVziRlB6IYwjCopYhO7Vud750JlJyuljruIXcPxr22y8zdckcJGsuOdnQ639uVD1tTXddrcH3t3QYIQ==}
    dev: false

  /@floating-ui/dom/1.2.5:
    resolution: {integrity: sha512-+sAUfpQ3Frz+VCbPCqj+cZzvEESy3fjSeT/pDWkYCWOBXYNNKZfuVsHuv8/JO2zze8+Eb/Q7a6hZVgzS81fLbQ==}
    dependencies:
      '@floating-ui/core': 1.2.5
    dev: false

  /@js-temporal/polyfill/0.4.3:
    resolution: {integrity: sha512-6Fmjo/HlkyVCmJzAPnvtEWlcbQUSRhi8qlN9EtJA/wP7FqXsevLLrlojR44kzNzrRkpf7eDJ+z7b4xQD/Ycypw==}
    engines: {node: '>=12'}
    dependencies:
      jsbi: 4.3.0
      tslib: 2.5.0
    dev: false

  /@popperjs/core/2.11.7:
    resolution: {integrity: sha512-Cr4OjIkipTtcXKjAsm8agyleBuDHvxzeBoa1v543lbv1YaIwQjESsVcmjiWiPEbC1FIeHOG/Op9kdCmAmiS3Kw==}
    dev: false

  /@types/dompurify/3.0.0:
    resolution: {integrity: sha512-EcSqmgm/xJwH8CcJPy9AHNypp/j58CYga3nWdl93/wLxX6OH+rSD3aAj75NQazcZd1YKHJ/pjNZ9qmgVajggwQ==}
    dependencies:
      '@types/trusted-types': 2.0.3
    dev: true

  /@types/lodash-es/4.17.7:
    resolution: {integrity: sha512-z0ptr6UI10VlU6l5MYhGwS4mC8DZyYer2mCoyysZtSF7p26zOX8UpbrV0YpNYLGS8K4PUFIyEr62IMFFjveSiQ==}
    dependencies:
      '@types/lodash': 4.14.192
    dev: true

  /@types/lodash/4.14.192:
    resolution: {integrity: sha512-km+Vyn3BYm5ytMO13k9KTp27O75rbQ0NFw+U//g+PX7VZyjCioXaRFisqSIJRECljcTv73G3i6BpglNGHgUQ5A==}
    dev: true

  /@types/trusted-types/2.0.3:
    resolution: {integrity: sha512-NfQ4gyz38SL8sDNrSixxU2Os1a5xcdFxipAFxYEuLUlvU2uDwS4NUpsImcf1//SlWItCVMMLiylsxbmNMToV/g==}
    dev: true

  /anymatch/3.1.3:
    resolution: {integrity: sha512-KMReFUr0B4t+D+OBkjR3KYqvocp2XaSzO55UcB6mgQMd3KbcE+mWTyvVV7D/zsdEbNnV6acZUutkiHQXvTr1Rw==}
    engines: {node: '>= 8'}
    dependencies:
      normalize-path: 3.0.0
      picomatch: 2.3.1
    dev: true

  /binary-extensions/2.2.0:
    resolution: {integrity: sha512-jDctJ/IVQbZoJykoeHbhXpOlNBqGNcwXJKJog42E5HDPUwQTSdjCHdihjj0DlnheQ7blbT6dHOafNAiS8ooQKA==}
    engines: {node: '>=8'}
    dev: true

  /blocking-elements/0.1.1:
    resolution: {integrity: sha512-/SLWbEzMoVIMZACCyhD/4Ya2M1PWP1qMKuiymowPcI+PdWDARqeARBjhj73kbUBCxEmTZCUu5TAqxtwUO9C1Ig==}
    dev: false

  /bootstrap-icons/1.10.3:
    resolution: {integrity: sha512-7Qvj0j0idEm/DdX9Q0CpxAnJYqBCFCiUI6qzSPYfERMcokVuV9Mdm/AJiVZI8+Gawe4h/l6zFcOzvV7oXCZArw==}
    dev: false

  /bootstrap/5.3.0-alpha2_@popperjs+core@2.11.7:
    resolution: {integrity: sha512-r1ayh5d56rhwrezVjhM8bt8tiUcdQ8J9JeCwCTAeKSpOrCWH5V5S6XiJ26DqbX7o5QSH5HIKm7W88CKxVjhCVQ==}
    peerDependencies:
      '@popperjs/core': ^2.11.6
    dependencies:
      '@popperjs/core': 2.11.7
    dev: false

  /braces/3.0.2:
    resolution: {integrity: sha512-b8um+L1RzM3WDSzvhm6gIz1yfTbBt6YTlcEKAvsmqCZZFw46z626lVj9j1yEPW33H5H+lBQpZMP1k8l+78Ha0A==}
    engines: {node: '>=8'}
    dependencies:
      fill-range: 7.0.1
    dev: true

  /chokidar/3.5.3:
    resolution: {integrity: sha512-Dr3sfKRP6oTcjf2JmUmFJfeVMvXBdegxB0iVQ5eb2V10uFJUCAS8OByZdVAyVb8xXNz3GjjTgj9kLWsZTqE6kw==}
    engines: {node: '>= 8.10.0'}
    dependencies:
      anymatch: 3.1.3
      braces: 3.0.2
      glob-parent: 5.1.2
      is-binary-path: 2.1.0
      is-glob: 4.0.3
      normalize-path: 3.0.0
      readdirp: 3.6.0
    optionalDependencies:
      fsevents: 2.3.2
    dev: true

  /clsx/1.2.1:
    resolution: {integrity: sha512-EcR6r5a8bj6pu3ycsa/E/cKVGuTgZJZdsyUYHOksG/UHIiKfjxzRxYJpyVBwYaQeOvghal9fcc4PidlgzugAQg==}
    engines: {node: '>=6'}
    dev: false

  /dompurify/3.0.1:
    resolution: {integrity: sha512-60tsgvPKwItxZZdfLmamp0MTcecCta3avOhsLgPZ0qcWt96OasFfhkeIRbJ6br5i0fQawT1/RBGB5L58/Jpwuw==}
    dev: false

  /fill-range/7.0.1:
    resolution: {integrity: sha512-qOo9F+dMUmC2Lcb4BbVvnKJxTPjCm+RRpe4gDuGrzkL7mEVl/djYSu2OdQ2Pa302N4oqkSg9ir6jaLWJ2USVpQ==}
    engines: {node: '>=8'}
    dependencies:
      to-regex-range: 5.0.1
    dev: true

  /fsevents/2.3.2:
    resolution: {integrity: sha512-xiqMQR4xAeHTuB9uWm+fFRcIOgKBMiOBP+eXiyT7jsgVCq1bkVygt00oASowB7EdtpOHaaPgKt812P9ab+DDKA==}
    engines: {node: ^8.16.0 || ^10.6.0 || >=11.0.0}
    os: [darwin]
    requiresBuild: true
    dev: true
    optional: true

  /glob-parent/5.1.2:
    resolution: {integrity: sha512-AOIgSQCepiJYwP3ARnGx+5VnTu2HBYdzbGP45eLw1vr3zB3vZLeyed1sC9hnbcOc9/SrMyM5RPQrkGz4aS9Zow==}
    engines: {node: '>= 6'}
    dependencies:
      is-glob: 4.0.3
    dev: true

  /immutable/4.3.0:
    resolution: {integrity: sha512-0AOCmOip+xgJwEVTQj1EfiDDOkPmuyllDuTuEX+DDXUgapLAsBIfkg3sxCYyCEA8mQqZrrxPUGjcOQ2JS3WLkg==}
    dev: true

  /is-binary-path/2.1.0:
    resolution: {integrity: sha512-ZMERYes6pDydyuGidse7OsHxtbI7WVeUEozgR/g7rd0xUimYNlvZRE/K2MgZTjWy725IfelLeVcEM97mmtRGXw==}
    engines: {node: '>=8'}
    dependencies:
      binary-extensions: 2.2.0
    dev: true

  /is-extglob/2.1.1:
    resolution: {integrity: sha512-SbKbANkN603Vi4jEZv49LeVJMn4yGwsbzZworEoyEiutsN3nJYdbO36zfhGJ6QEDpOZIFkDtnq5JRxmvl3jsoQ==}
    engines: {node: '>=0.10.0'}
    dev: true

  /is-glob/4.0.3:
    resolution: {integrity: sha512-xelSayHH36ZgE7ZWhli7pW34hNbNl8Ojv5KVmkJD4hBdD3th8Tfk9vYasLM+mXWOZhFkgZfxhLSnrwRr4elSSg==}
    engines: {node: '>=0.10.0'}
    dependencies:
      is-extglob: 2.1.1
    dev: true

  /is-number/7.0.0:
    resolution: {integrity: sha512-41Cifkg6e8TylSpdtTpeLVMqvSBEVzTttHvERD741+pnZ8ANv0004MRL43QKPDlK9cGvNp6NZWZUBlbGXYxxng==}
    engines: {node: '>=0.12.0'}
    dev: true

  /jsbi/4.3.0:
    resolution: {integrity: sha512-SnZNcinB4RIcnEyZqFPdGPVgrg2AcnykiBy0sHVJQKHYeaLUvi3Exj+iaPpLnFVkDPZIV4U0yvgC9/R4uEAZ9g==}
    dev: false

  /lodash-es/4.17.21:
    resolution: {integrity: sha512-mKnC+QJ9pWVzv+C4/U3rRsHapFfHvQFoFB92e52xeyGMcX6/OlIl78je1u8vePzYZSkkogMPJ2yjxxsb89cxyw==}
    dev: false

  /normalize-path/3.0.0:
    resolution: {integrity: sha512-6eZs5Ls3WtCisHWp9S2GUy8dqkpGi4BVSz3GaqiE6ezub0512ESztXUwUB6C6IKbQkY2Pnb/mD4WYojCRwcwLA==}
    engines: {node: '>=0.10.0'}
    dev: true

  /picomatch/2.3.1:
    resolution: {integrity: sha512-JU3teHTNjmE2VCGFzuY8EXzCDVwEqB2a8fsIvwaStHhAWJEeVd1o1QD80CU6+ZdEXXSLbSsuLwJjkCBWqRQUVA==}
    engines: {node: '>=8.6'}
    dev: true

  /preact/10.13.2:
    resolution: {integrity: sha512-q44QFLhOhty2Bd0Y46fnYW0gD/cbVM9dUVtNTDKPcdXSMA7jfY+Jpd6rk3GB0lcQss0z5s/6CmVP0Z/hV+g6pw==}
    dev: false

  /readdirp/3.6.0:
    resolution: {integrity: sha512-hOS089on8RduqdbhvQ5Z37A0ESjsqz6qnRcffsMU3495FuTdqSm+7bhJ29JvIOsBDEEnan5DPu9t3To9VRlMzA==}
    engines: {node: '>=8.10.0'}
    dependencies:
      picomatch: 2.3.1
    dev: true

  /sass/1.60.0:
    resolution: {integrity: sha512-updbwW6fNb5gGm8qMXzVO7V4sWf7LMXnMly/JEyfbfERbVH46Fn6q02BX7/eHTdKpE7d+oTkMMQpFWNUMfFbgQ==}
    engines: {node: '>=12.0.0'}
    hasBin: true
    dependencies:
      chokidar: 3.5.3
      immutable: 4.3.0
      source-map-js: 1.0.2
    dev: true

  /source-map-js/1.0.2:
    resolution: {integrity: sha512-R0XvVJ9WusLiqTCEiGCmICCMplcCkIwwR11mOSD9CR5u+IXYdiseeEuXCVAjS54zqwkLcPNnmU4OeJ6tUrWhDw==}
    engines: {node: '>=0.10.0'}
    dev: true

  /tabbable/6.1.1:
    resolution: {integrity: sha512-4kl5w+nCB44EVRdO0g/UGoOp3vlwgycUVtkk/7DPyeLZUCuNFFKCFG6/t/DgHLrUPHjrZg6s5tNm+56Q2B0xyg==}
    dev: false

  /to-regex-range/5.0.1:
    resolution: {integrity: sha512-65P7iz6X5yEr1cwcgvQxbbIw7Uk3gOy5dIdtZ4rDveLqhrdJP+Li/Hx6tyK0NEb+2GCyneCMJiGqrADCSNk8sQ==}
    engines: {node: '>=8.0'}
    dependencies:
      is-number: 7.0.0
    dev: true

  /tslib/2.5.0:
    resolution: {integrity: sha512-336iVw3rtn2BUK7ORdIAHTyxHGRIHVReokCR3XjbckJMK7ms8FysBfhLR8IXnAgy7T0PTPNBWKiH514FOW/WSg==}
    dev: false

  /typescript/5.0.2:
    resolution: {integrity: sha512-wVORMBGO/FAs/++blGNeAVdbNKtIh1rbBL2EyQ1+J9lClJ93KiiKe8PmFIVdXhHcyv44SL9oglmfeSsndo0jRw==}
    engines: {node: '>=12.20'}
    hasBin: true
    dev: true

  /wicg-inert/3.1.2:
    resolution: {integrity: sha512-Ba9tGNYxXwaqKEi9sJJvPMKuo063umUPsHN0JJsjrs2j8KDSzkWLMZGZ+MH1Jf1Fq4OWZ5HsESJID6nRza2ang==}
    dev: false

  github.com/mwszekely/bootstrap-sass-variables/8f1f6876f6953984e280b7e5941d576967fffda9_bootstrap@5.3.0-alpha2:
    resolution: {tarball: https://codeload.github.com/mwszekely/bootstrap-sass-variables/tar.gz/8f1f6876f6953984e280b7e5941d576967fffda9}
    id: github.com/mwszekely/bootstrap-sass-variables/8f1f6876f6953984e280b7e5941d576967fffda9
    name: bootstrap-sass-variables
    version: 0.0.1
    peerDependencies:
      bootstrap: ^5.3.0-alpha2
    dependencies:
      bootstrap: 5.3.0-alpha2_@popperjs+core@2.11.7
    dev: false

  github.com/mwszekely/preact-aria-widgets/183cb15723819a746f546c6ce2a9733690330578_preact@10.13.2:
    resolution: {tarball: https://codeload.github.com/mwszekely/preact-aria-widgets/tar.gz/183cb15723819a746f546c6ce2a9733690330578}
    id: github.com/mwszekely/preact-aria-widgets/183cb15723819a746f546c6ce2a9733690330578
    name: preact-aria-widgets
    version: 0.0.1
    peerDependencies:
      preact: ^10.13.2
    dependencies:
      clsx: 1.2.1
      lodash-es: 4.17.21
      preact: 10.13.2
      preact-prop-helpers: github.com/mwszekely/preact-prop-helpers/eb47dca683c6f1b8363dafe92716432385dca531_preact@10.13.2
    dev: false

  github.com/mwszekely/preact-prop-helpers/eb47dca683c6f1b8363dafe92716432385dca531_preact@10.13.2:
    resolution: {tarball: https://codeload.github.com/mwszekely/preact-prop-helpers/tar.gz/eb47dca683c6f1b8363dafe92716432385dca531}
    id: github.com/mwszekely/preact-prop-helpers/eb47dca683c6f1b8363dafe92716432385dca531
    name: preact-prop-helpers
    version: 0.0.1
    peerDependencies:
      preact: ^10.13.2
    dependencies:
      blocking-elements: 0.1.1
      clsx: 1.2.1
      lodash-es: 4.17.21
      preact: 10.13.2
      tabbable: 6.1.1
      wicg-inert: 3.1.2
    dev: false

  github.com/mwszekely/preact-transition/29d5f9e112b62e5638ab0e6a5993d540c20a1a8c_preact@10.13.2:
    resolution: {tarball: https://codeload.github.com/mwszekely/preact-transition/tar.gz/29d5f9e112b62e5638ab0e6a5993d540c20a1a8c}
    id: github.com/mwszekely/preact-transition/29d5f9e112b62e5638ab0e6a5993d540c20a1a8c
    name: preact-transition
    version: 0.1.0
    peerDependencies:
      preact: ^10.13.1
    dependencies:
      clsx: 1.2.1
      lodash-es: 4.17.21
      preact: 10.13.2
      preact-prop-helpers: github.com/mwszekely/preact-prop-helpers/eb47dca683c6f1b8363dafe92716432385dca531_preact@10.13.2
    dev: false
